// !$*UTF8*$!
{
	archiveVersion = 1;
	classes = {
	};
	objectVersion = 50;
	objects = {

/* Begin PBXBuildFile section */
		3D6B86CE22E88DC4005BF9BC /* AppDelegate.swift in Sources */ = {isa = PBXBuildFile; fileRef = 3D6B86CD22E88DC4005BF9BC /* AppDelegate.swift */; };
		3D6B86D022E88DC4005BF9BC /* ViewController.swift in Sources */ = {isa = PBXBuildFile; fileRef = 3D6B86CF22E88DC4005BF9BC /* ViewController.swift */; };
		3D6B86D322E88DC4005BF9BC /* Main.storyboard in Resources */ = {isa = PBXBuildFile; fileRef = 3D6B86D122E88DC4005BF9BC /* Main.storyboard */; };
		3D6B86D522E88DC6005BF9BC /* Assets.xcassets in Resources */ = {isa = PBXBuildFile; fileRef = 3D6B86D422E88DC6005BF9BC /* Assets.xcassets */; };
		3D6B86D822E88DC6005BF9BC /* LaunchScreen.storyboard in Resources */ = {isa = PBXBuildFile; fileRef = 3D6B86D622E88DC6005BF9BC /* LaunchScreen.storyboard */; };
		3D6B86E022E88DFC005BF9BC /* ImageScrollView.swift in Sources */ = {isa = PBXBuildFile; fileRef = 3D6B86DF22E88DFC005BF9BC /* ImageScrollView.swift */; };
/* End PBXBuildFile section */

/* Begin PBXFileReference section */
		3D6B86CA22E88DC4005BF9BC /* ImageScrollViewDemo.app */ = {isa = PBXFileReference; explicitFileType = wrapper.application; includeInIndex = 0; path = ImageScrollViewDemo.app; sourceTree = BUILT_PRODUCTS_DIR; };
		3D6B86CD22E88DC4005BF9BC /* AppDelegate.swift */ = {isa = PBXFileReference; lastKnownFileType = sourcecode.swift; path = AppDelegate.swift; sourceTree = "<group>"; };
		3D6B86CF22E88DC4005BF9BC /* ViewController.swift */ = {isa = PBXFileReference; lastKnownFileType = sourcecode.swift; path = ViewController.swift; sourceTree = "<group>"; };
		3D6B86D222E88DC4005BF9BC /* Base */ = {isa = PBXFileReference; lastKnownFileType = file.storyboard; name = Base; path = Base.lproj/Main.storyboard; sourceTree = "<group>"; };
		3D6B86D422E88DC6005BF9BC /* Assets.xcassets */ = {isa = PBXFileReference; lastKnownFileType = folder.assetcatalog; path = Assets.xcassets; sourceTree = "<group>"; };
		3D6B86D722E88DC6005BF9BC /* Base */ = {isa = PBXFileReference; lastKnownFileType = file.storyboard; name = Base; path = Base.lproj/LaunchScreen.storyboard; sourceTree = "<group>"; };
		3D6B86D922E88DC6005BF9BC /* Info.plist */ = {isa = PBXFileReference; lastKnownFileType = text.plist.xml; path = Info.plist; sourceTree = "<group>"; };
		3D6B86DF22E88DFC005BF9BC /* ImageScrollView.swift */ = {isa = PBXFileReference; lastKnownFileType = sourcecode.swift; path = ImageScrollView.swift; sourceTree = "<group>"; };
/* End PBXFileReference section */

/* Begin PBXFrameworksBuildPhase section */
		3D6B86C722E88DC4005BF9BC /* Frameworks */ = {
			isa = PBXFrameworksBuildPhase;
			buildActionMask = 2147483647;
			files = (
			);
			runOnlyForDeploymentPostprocessing = 0;
		};
/* End PBXFrameworksBuildPhase section */

/* Begin PBXGroup section */
		3D6B86C122E88DC4005BF9BC = {
			isa = PBXGroup;
			children = (
				3D6B86CC22E88DC4005BF9BC /* ImageScrollViewDemo */,
				3D6B86CB22E88DC4005BF9BC /* Products */,
			);
			sourceTree = "<group>";
		};
		3D6B86CB22E88DC4005BF9BC /* Products */ = {
			isa = PBXGroup;
			children = (
				3D6B86CA22E88DC4005BF9BC /* ImageScrollViewDemo.app */,
			);
			name = Products;
			sourceTree = "<group>";
		};
		3D6B86CC22E88DC4005BF9BC /* ImageScrollViewDemo */ = {
			isa = PBXGroup;
			children = (
				3D6B86CD22E88DC4005BF9BC /* AppDelegate.swift */,
				3D6B86CF22E88DC4005BF9BC /* ViewController.swift */,
				3D6B86D122E88DC4005BF9BC /* Main.storyboard */,
				3D6B86D422E88DC6005BF9BC /* Assets.xcassets */,
				3D6B86D622E88DC6005BF9BC /* LaunchScreen.storyboard */,
				3D6B86D922E88DC6005BF9BC /* Info.plist */,
				3D6B86DF22E88DFC005BF9BC /* ImageScrollView.swift */,
			);
			path = ImageScrollViewDemo;
			sourceTree = "<group>";
		};
/* End PBXGroup section */

/* Begin PBXNativeTarget section */
		3D6B86C922E88DC4005BF9BC /* ImageScrollViewDemo */ = {
			isa = PBXNativeTarget;
			buildConfigurationList = 3D6B86DC22E88DC6005BF9BC /* Build configuration list for PBXNativeTarget "ImageScrollViewDemo" */;
			buildPhases = (
				3D6B86C622E88DC4005BF9BC /* Sources */,
				3D6B86C722E88DC4005BF9BC /* Frameworks */,
				3D6B86C822E88DC4005BF9BC /* Resources */,
			);
			buildRules = (
			);
			dependencies = (
			);
			name = ImageScrollViewDemo;
			productName = ImageScrollViewDemo;
			productReference = 3D6B86CA22E88DC4005BF9BC /* ImageScrollViewDemo.app */;
			productType = "com.apple.product-type.application";
		};
/* End PBXNativeTarget section */

/* Begin PBXProject section */
		3D6B86C222E88DC4005BF9BC /* Project object */ = {
			isa = PBXProject;
			attributes = {
				LastSwiftUpdateCheck = 1020;
				LastUpgradeCheck = 1020;
				ORGANIZATIONNAME = Soultime;
				TargetAttributes = {
					3D6B86C922E88DC4005BF9BC = {
						CreatedOnToolsVersion = 10.2.1;
					};
				};
			};
			buildConfigurationList = 3D6B86C522E88DC4005BF9BC /* Build configuration list for PBXProject "ImageScrollViewDemo" */;
			compatibilityVersion = "Xcode 9.3";
			developmentRegion = en;
			hasScannedForEncodings = 0;
			knownRegions = (
				en,
				Base,
			);
			mainGroup = 3D6B86C122E88DC4005BF9BC;
			productRefGroup = 3D6B86CB22E88DC4005BF9BC /* Products */;
			projectDirPath = "";
			projectRoot = "";
			targets = (
				3D6B86C922E88DC4005BF9BC /* ImageScrollViewDemo */,
			);
		};
/* End PBXProject section */

/* Begin PBXResourcesBuildPhase section */
		3D6B86C822E88DC4005BF9BC /* Resources */ = {
			isa = PBXResourcesBuildPhase;
			buildActionMask = 2147483647;
			files = (
				3D6B86D822E88DC6005BF9BC /* LaunchScreen.storyboard in Resources */,
				3D6B86D522E88DC6005BF9BC /* Assets.xcassets in Resources */,
				3D6B86D322E88DC4005BF9BC /* Main.storyboard in Resources */,
			);
			runOnlyForDeploymentPostprocessing = 0;
		};
/* End PBXResourcesBuildPhase section */

/* Begin PBXSourcesBuildPhase section */
		3D6B86C622E88DC4005BF9BC /* Sources */ = {
			isa = PBXSourcesBuildPhase;
			buildActionMask = 2147483647;
			files = (
				3D6B86E022E88DFC005BF9BC /* ImageScrollView.swift in Sources */,
				3D6B86D022E88DC4005BF9BC /* ViewController.swift in Sources */,
				3D6B86CE22E88DC4005BF9BC /* AppDelegate.swift in Sources */,
			);
			runOnlyForDeploymentPostprocessing = 0;
		};
/* End PBXSourcesBuildPhase section */

/* Begin PBXVariantGroup section */
		3D6B86D122E88DC4005BF9BC /* Main.storyboard */ = {
			isa = PBXVariantGroup;
			children = (
				3D6B86D222E88DC4005BF9BC /* Base */,
			);
			name = Main.storyboard;
			sourceTree = "<group>";
		};
		3D6B86D622E88DC6005BF9BC /* LaunchScreen.storyboard */ = {
			isa = PBXVariantGroup;
			children = (
				3D6B86D722E88DC6005BF9BC /* Base */,
			);
			name = LaunchScreen.storyboard;
			sourceTree = "<group>";
		};
/* End PBXVariantGroup section */

/* Begin XCBuildConfiguration section */
		3D6B86DA22E88DC6005BF9BC /* Debug */ = {
			isa = XCBuildConfiguration;
			buildSettings = {
				ALWAYS_SEARCH_USER_PATHS = NO;
				CLANG_ANALYZER_NONNULL = YES;
				CLANG_ANALYZER_NUMBER_OBJECT_CONVERSION = YES_AGGRESSIVE;
				CLANG_CXX_LANGUAGE_STANDARD = "gnu++14";
				CLANG_CXX_LIBRARY = "libc++";
				CLANG_ENABLE_MODULES = YES;
				CLANG_ENABLE_OBJC_ARC = YES;
				CLANG_ENABLE_OBJC_WEAK = YES;
				CLANG_WARN_BLOCK_CAPTURE_AUTORELEASING = YES;
				CLANG_WARN_BOOL_CONVERSION = YES;
				CLANG_WARN_COMMA = YES;
				CLANG_WARN_CONSTANT_CONVERSION = YES;
				CLANG_WARN_DEPRECATED_OBJC_IMPLEMENTATIONS = YES;
				CLANG_WARN_DIRECT_OBJC_ISA_USAGE = YES_ERROR;
				CLANG_WARN_DOCUMENTATION_COMMENTS = YES;
				CLANG_WARN_EMPTY_BODY = YES;
				CLANG_WARN_ENUM_CONVERSION = YES;
				CLANG_WARN_INFINITE_RECURSION = YES;
				CLANG_WARN_INT_CONVERSION = YES;
				CLANG_WARN_NON_LITERAL_NULL_CONVERSION = YES;
				CLANG_WARN_OBJC_IMPLICIT_RETAIN_SELF = YES;
				CLANG_WARN_OBJC_LITERAL_CONVERSION = YES;
				CLANG_WARN_OBJC_ROOT_CLASS = YES_ERROR;
				CLANG_WARN_RANGE_LOOP_ANALYSIS = YES;
				CLANG_WARN_STRICT_PROTOTYPES = YES;
				CLANG_WARN_SUSPICIOUS_MOVE = YES;
				CLANG_WARN_UNGUARDED_AVAILABILITY = YES_AGGRESSIVE;
				CLANG_WARN_UNREACHABLE_CODE = YES;
				CLANG_WARN__DUPLICATE_METHOD_MATCH = YES;
				CODE_SIGN_IDENTITY = "iPhone Developer";
				COPY_PHASE_STRIP = NO;
				DEBUG_INFORMATION_FORMAT = dwarf;
				ENABLE_STRICT_OBJC_MSGSEND = YES;
				ENABLE_TESTABILITY = YES;
				GCC_C_LANGUAGE_STANDARD = gnu11;
				GCC_DYNAMIC_NO_PIC = NO;
				GCC_NO_COMMON_BLOCKS = YES;
				GCC_OPTIMIZATION_LEVEL = 0;
				GCC_PREPROCESSOR_DEFINITIONS = (
					"DEBUG=1",
					"$(inherited)",
				);
				GCC_WARN_64_TO_32_BIT_CONVERSION = YES;
				GCC_WARN_ABOUT_RETURN_TYPE = YES_ERROR;
				GCC_WARN_UNDECLARED_SELECTOR = YES;
				GCC_WARN_UNINITIALIZED_AUTOS = YES_AGGRESSIVE;
				GCC_WARN_UNUSED_FUNCTION = YES;
				GCC_WARN_UNUSED_VARIABLE = YES;
				IPHONEOS_DEPLOYMENT_TARGET = 12.2;
				MTL_ENABLE_DEBUG_INFO = INCLUDE_SOURCE;
				MTL_FAST_MATH = YES;
				ONLY_ACTIVE_ARCH = YES;
				SDKROOT = iphoneos;
				SWIFT_ACTIVE_COMPILATION_CONDITIONS = DEBUG;
				SWIFT_OPTIMIZATION_LEVEL = "-Onone";
			};
			name = Debug;
		};
		3D6B86DB22E88DC6005BF9BC /* Release */ = {
			isa = XCBuildConfiguration;
			buildSettings = {
				ALWAYS_SEARCH_USER_PATHS = NO;
				CLANG_ANALYZER_NONNULL = YES;
				CLANG_ANALYZER_NUMBER_OBJECT_CONVERSION = YES_AGGRESSIVE;
				CLANG_CXX_LANGUAGE_STANDARD = "gnu++14";
				CLANG_CXX_LIBRARY = "libc++";
				CLANG_ENABLE_MODULES = YES;
				CLANG_ENABLE_OBJC_ARC = YES;
				CLANG_ENABLE_OBJC_WEAK = YES;
				CLANG_WARN_BLOCK_CAPTURE_AUTORELEASING = YES;
				CLANG_WARN_BOOL_CONVERSION = YES;
				CLANG_WARN_COMMA = YES;
				CLANG_WARN_CONSTANT_CONVERSION = YES;
				CLANG_WARN_DEPRECATED_OBJC_IMPLEMENTATIONS = YES;
				CLANG_WARN_DIRECT_OBJC_ISA_USAGE = YES_ERROR;
				CLANG_WARN_DOCUMENTATION_COMMENTS = YES;
				CLANG_WARN_EMPTY_BODY = YES;
				CLANG_WARN_ENUM_CONVERSION = YES;
				CLANG_WARN_INFINITE_RECURSION = YES;
				CLANG_WARN_INT_CONVERSION = YES;
				CLANG_WARN_NON_LITERAL_NULL_CONVERSION = YES;
				CLANG_WARN_OBJC_IMPLICIT_RETAIN_SELF = YES;
				CLANG_WARN_OBJC_LITERAL_CONVERSION = YES;
				CLANG_WARN_OBJC_ROOT_CLASS = YES_ERROR;
				CLANG_WARN_RANGE_LOOP_ANALYSIS = YES;
				CLANG_WARN_STRICT_PROTOTYPES = YES;
				CLANG_WARN_SUSPICIOUS_MOVE = YES;
				CLANG_WARN_UNGUARDED_AVAILABILITY = YES_AGGRESSIVE;
				CLANG_WARN_UNREACHABLE_CODE = YES;
				CLANG_WARN__DUPLICATE_METHOD_MATCH = YES;
				CODE_SIGN_IDENTITY = "iPhone Developer";
				COPY_PHASE_STRIP = NO;
				DEBUG_INFORMATION_FORMAT = "dwarf-with-dsym";
				ENABLE_NS_ASSERTIONS = NO;
				ENABLE_STRICT_OBJC_MSGSEND = YES;
				GCC_C_LANGUAGE_STANDARD = gnu11;
				GCC_NO_COMMON_BLOCKS = YES;
				GCC_WARN_64_TO_32_BIT_CONVERSION = YES;
				GCC_WARN_ABOUT_RETURN_TYPE = YES_ERROR;
				GCC_WARN_UNDECLARED_SELECTOR = YES;
				GCC_WARN_UNINITIALIZED_AUTOS = YES_AGGRESSIVE;
				GCC_WARN_UNUSED_FUNCTION = YES;
				GCC_WARN_UNUSED_VARIABLE = YES;
				IPHONEOS_DEPLOYMENT_TARGET = 12.2;
				MTL_ENABLE_DEBUG_INFO = NO;
				MTL_FAST_MATH = YES;
				SDKROOT = iphoneos;
				SWIFT_COMPILATION_MODE = wholemodule;
				SWIFT_OPTIMIZATION_LEVEL = "-O";
				VALIDATE_PRODUCT = YES;
			};
			name = Release;
		};
		3D6B86DD22E88DC6005BF9BC /* Debug */ = {
			isa = XCBuildConfiguration;
			buildSettings = {
				ASSETCATALOG_COMPILER_APPICON_NAME = AppIcon;
				CODE_SIGN_STYLE = Automatic;
				INFOPLIST_FILE = ImageScrollViewDemo/Info.plist;
				LD_RUNPATH_SEARCH_PATHS = (
					"$(inherited)",
					"@executable_path/Frameworks",
				);
				PRODUCT_BUNDLE_IDENTIFIER = ImageScrollViewDemo.ImageScrollViewDemo;
				PRODUCT_NAME = "$(TARGET_NAME)";
				SWIFT_VERSION = 5.0;
				TARGETED_DEVICE_FAMILY = "1,2";
			};
			name = Debug;
		};
		3D6B86DE22E88DC6005BF9BC /* Release */ = {
			isa = XCBuildConfiguration;
			buildSettings = {
				ASSETCATALOG_COMPILER_APPICON_NAME = AppIcon;
				CODE_SIGN_STYLE = Automatic;
				INFOPLIST_FILE = ImageScrollViewDemo/Info.plist;
				LD_RUNPATH_SEARCH_PATHS = (
					"$(inherited)",
					"@executable_path/Frameworks",
				);
				PRODUCT_BUNDLE_IDENTIFIER = ImageScrollViewDemo.ImageScrollViewDemo;
				PRODUCT_NAME = "$(TARGET_NAME)";
				SWIFT_VERSION = 5.0;
				TARGETED_DEVICE_FAMILY = "1,2";
			};
			name = Release;
		};
/* End XCBuildConfiguration section */

/* Begin XCConfigurationList section */
		3D6B86C522E88DC4005BF9BC /* Build configuration list for PBXProject "ImageScrollViewDemo" */ = {
			isa = XCConfigurationList;
			buildConfigurations = (
				3D6B86DA22E88DC6005BF9BC /* Debug */,
				3D6B86DB22E88DC6005BF9BC /* Release */,
			);
			defaultConfigurationIsVisible = 0;
			defaultConfigurationName = Release;
		};
		3D6B86DC22E88DC6005BF9BC /* Build configuration list for PBXNativeTarget "ImageScrollViewDemo" */ = {
			isa = XCConfigurationList;
			buildConfigurations = (
				3D6B86DD22E88DC6005BF9BC /* Debug */,
				3D6B86DE22E88DC6005BF9BC /* Release */,
			);
			defaultConfigurationIsVisible = 0;
			defaultConfigurationName = Release;
		};
/* End XCConfigurationList section */
	};
	rootObject = 3D6B86C222E88DC4005BF9BC /* Project object */;
}
